PODS:
  - Alamofire (4.6.0)
  - SDWebImage (4.3.0):
    - SDWebImage/Core (= 4.3.0)
  - SDWebImage/Core (4.3.0)

DEPENDENCIES:
  - Alamofire (~> 4.0)
  - SDWebImage

SPEC REPOS:
  https://github.com/cocoapods/specs.git:
    - Alamofire
    - SDWebImage

SPEC CHECKSUMS:
  Alamofire: f41a599bd63041760b26d393ec1069d9d7b917f4
  SDWebImage: 6da6c8bca115addc4de8613362e1b15f66333825

PODFILE CHECKSUM: 596f331c142f6ab3e222995b1a72b995353d9bde

COCOAPODS: 1.5.3
